Microsoft Visual Studio Solution File, Format Version 12.00
# Visual Studio 15
VisualStudioVersion = 15.0.27703.2035
MinimumVisualStudioVersion = 10.0.40219.1
Project("{9A19103F-16F7-4668-BE54-9A1E7A4F7556}") = "PizzaPlaceUI", "PizzaPlaceUI\PizzaPlaceUI.csproj", "{4D5B38A0-FB11-4DCA-92E6-806EBBBB454A}"
EndProject
Project("{9A19103F-16F7-4668-BE54-9A1E7A4F7556}") = "PizzaPlaceLibrary", "PizzaPlaceLibrary\PizzaPlaceLibrary.csproj", "{13757FDD-13F9-4338-8AFE-07D2D575A406}"
EndProject
Project("{2150E333-8FDC-42A3-9474-1A3956D46DE8}") = "Solution Items", "Solution Items", "{8795A5CF-7B23-423D-89E4-B42CCA3BD5DE}"
EndProject
Global
	GlobalSection(SolutionConfigurationPlatforms) = preSolution
		Debug|Any CPU = Debug|Any CPU
		Release|Any CPU = Release|Any CPU
	EndGlobalSection
	GlobalSection(ProjectConfigurationPlatforms) = postSolution
		{4D5B38A0-FB11-4DCA-92E6-806EBBBB454A}.Debug|Any CPU.ActiveCfg = Debug|Any CPU
		{4D5B38A0-FB11-4DCA-92E6-806EBBBB454A}.Debug|Any CPU.Build.0 = Debug|Any CPU
		{4D5B38A0-FB11-4DCA-92E6-806EBBBB454A}.Release|Any CPU.ActiveCfg = Release|Any CPU
		{4D5B38A0-FB11-4DCA-92E6-806EBBBB454A}.Release|Any CPU.Build.0 = Release|Any CPU
		{13757FDD-13F9-4338-8AFE-07D2D575A406}.Debug|Any CPU.ActiveCfg = Debug|Any CPU
		{13757FDD-13F9-4338-8AFE-07D2D575A406}.Debug|Any CPU.Build.0 = Debug|Any CPU
		{13757FDD-13F9-4338-8AFE-07D2D575A406}.Release|Any CPU.ActiveCfg = Release|Any CPU
		{13757FDD-13F9-4338-8AFE-07D2D575A406}.Release|Any CPU.Build.0 = Release|Any CPU
	EndGlobalSection
	GlobalSection(SolutionProperties) = preSolution
		HideSolutionNode = FALSE
	EndGlobalSection
	GlobalSection(ExtensibilityGlobals) = postSolution
		SolutionGuid = {2EC16A7A-F279-429F-AC37-D0C4CDCAD804}
	EndGlobalSection
EndGlobal
